
Microsoft Visual Studio Solution File, Format Version 12.00
# Visual Studio Version 17
VisualStudioVersion = 17.4.33205.214
MinimumVisualStudioVersion = 10.0.40219.1
Project("{FAE04EC0-301F-11D3-BF4B-00C04F79EFBC}") = "cfrBasic", "cfrBasic.csproj", "{2792AD90-E6FB-4C7E-9214-76B4DC17BE24}"
EndProject
Global
	GlobalSection(SolutionConfigurationPlatforms) = preSolution
		Debug|Any CPU = Debug|Any CPU
		Release|Any CPU = Release|Any CPU
	EndGlobalSection
	GlobalSection(ProjectConfigurationPlatforms) = postSolution
		{2792AD90-E6FB-4C7E-9214-76B4DC17BE24}.Debug|Any CPU.ActiveCfg = Debug|Any CPU
		{2792AD90-E6FB-4C7E-9214-76B4DC17BE24}.Debug|Any CPU.Build.0 = Debug|Any CPU
		{2792AD90-E6FB-4C7E-9214-76B4DC17BE24}.Release|Any CPU.ActiveCfg = Release|Any CPU
		{2792AD90-E6FB-4C7E-9214-76B4DC17BE24}.Release|Any CPU.Build.0 = Release|Any CPU
	EndGlobalSection
	GlobalSection(SolutionProperties) = preSolution
		HideSolutionNode = FALSE
	EndGlobalSection
	GlobalSection(ExtensibilityGlobals) = postSolution
		SolutionGuid = {FA7A869D-8EDF-476E-89AC-7D999FA14361}
	EndGlobalSection
EndGlobal
